
Microsoft Visual Studio Solution File, Format Version 12.00
# Visual Studio Version 17
VisualStudioVersion = 17.12.35521.163 d17.12
MinimumVisualStudioVersion = 10.0.40219.1
Project("{FAE04EC0-301F-11D3-BF4B-00C04F79EFBC}") = "proiect tap", "proiect tap\proiect tap.csproj", "{6FBD3816-24A1-4B1F-8CF9-3815D04AF1F6}"
EndProject
Global
	GlobalSection(SolutionConfigurationPlatforms) = preSolution
		Debug|Any CPU = Debug|Any CPU
		Debug|x64 = Debug|x64
		Release|Any CPU = Release|Any CPU
		Release|x64 = Release|x64
	EndGlobalSection
	GlobalSection(ProjectConfigurationPlatforms) = postSolution
		{6FBD3816-24A1-4B1F-8CF9-3815D04AF1F6}.Debug|Any CPU.ActiveCfg = Debug|Any CPU
		{6FBD3816-24A1-4B1F-8CF9-3815D04AF1F6}.Debug|Any CPU.Build.0 = Debug|Any CPU
		{6FBD3816-24A1-4B1F-8CF9-3815D04AF1F6}.Debug|x64.ActiveCfg = Debug|x64
		{6FBD3816-24A1-4B1F-8CF9-3815D04AF1F6}.Debug|x64.Build.0 = Debug|x64
		{6FBD3816-24A1-4B1F-8CF9-3815D04AF1F6}.Release|Any CPU.ActiveCfg = Release|Any CPU
		{6FBD3816-24A1-4B1F-8CF9-3815D04AF1F6}.Release|Any CPU.Build.0 = Release|Any CPU
		{6FBD3816-24A1-4B1F-8CF9-3815D04AF1F6}.Release|x64.ActiveCfg = Release|x64
		{6FBD3816-24A1-4B1F-8CF9-3815D04AF1F6}.Release|x64.Build.0 = Release|x64
	EndGlobalSection
	GlobalSection(SolutionProperties) = preSolution
		HideSolutionNode = FALSE
	EndGlobalSection
EndGlobal
